
Microsoft Visual Studio Solution File, Format Version 12.00
# Visual Studio Version 16
VisualStudioVersion = 16.0.29230.47
MinimumVisualStudioVersion = 10.0.40219.1
Project("{9A19103F-16F7-4668-BE54-9A1E7A4F7556}") = "JumbleSolverCSharp", "JumbleSolverCSharp.csproj", "{4FC9535E-01DB-4371-B754-71347C697D5F}"
EndProject
Global
	GlobalSection(SolutionConfigurationPlatforms) = preSolution
		Debug|Any CPU = Debug|Any CPU
		Release|Any CPU = Release|Any CPU
	EndGlobalSection
	GlobalSection(ProjectConfigurationPlatforms) = postSolution
		{4FC9535E-01DB-4371-B754-71347C697D5F}.Debug|Any CPU.ActiveCfg = Debug|Any CPU
		{4FC9535E-01DB-4371-B754-71347C697D5F}.Debug|Any CPU.Build.0 = Debug|Any CPU
		{4FC9535E-01DB-4371-B754-71347C697D5F}.Release|Any CPU.ActiveCfg = Release|Any CPU
		{4FC9535E-01DB-4371-B754-71347C697D5F}.Release|Any CPU.Build.0 = Release|Any CPU
	EndGlobalSection
	GlobalSection(SolutionProperties) = preSolution
		HideSolutionNode = FALSE
	EndGlobalSection
	GlobalSection(ExtensibilityGlobals) = postSolution
		SolutionGuid = {80C4777D-07DD-4BDF-9124-413935DE95A0}
	EndGlobalSection
EndGlobal
